// !$*UTF8*$!
{
	archiveVersion = 1;
	classes = {
	};
	objectVersion = 46;
	objects = {

/* Begin PBXBuildFile section */
		39119F5E1D66E296008F44A2 /* AppDelegate.m in Sources */ = {isa = PBXBuildFile; fileRef = 39119F591D66E296008F44A2 /* AppDelegate.m */; };
		39119F5F1D66E296008F44A2 /* MainNavigationController.m in Sources */ = {isa = PBXBuildFile; fileRef = 39119F5B1D66E296008F44A2 /* MainNavigationController.m */; };
		39119F601D66E296008F44A2 /* MainTabBarController.m in Sources */ = {isa = PBXBuildFile; fileRef = 39119F5D1D66E296008F44A2 /* MainTabBarController.m */; };
		39119F6A1D66E2F8008F44A2 /* FourViewController.m in Sources */ = {isa = PBXBuildFile; fileRef = 39119F631D66E2F8008F44A2 /* FourViewController.m */; };
		39119F6B1D66E2F8008F44A2 /* OneViewController.m in Sources */ = {isa = PBXBuildFile; fileRef = 39119F651D66E2F8008F44A2 /* OneViewController.m */; };
		39119F6C1D66E2F8008F44A2 /* ThreeViewController.m in Sources */ = {isa = PBXBuildFile; fileRef = 39119F671D66E2F8008F44A2 /* ThreeViewController.m */; };
		39119F6D1D66E2F8008F44A2 /* TwoViewController.m in Sources */ = {isa = PBXBuildFile; fileRef = 39119F691D66E2F8008F44A2 /* TwoViewController.m */; };
		39119F741D66E302008F44A2 /* DataModel.m in Sources */ = {isa = PBXBuildFile; fileRef = 39119F701D66E302008F44A2 /* DataModel.m */; };
		3983EF091D75559B00E975AB /* Person.m in Sources */ = {isa = PBXBuildFile; fileRef = 3983EF081D75559B00E975AB /* Person.m */; };
		3983EF0B1D75691200E975AB /* mm.png in Resources */ = {isa = PBXBuildFile; fileRef = 3983EF0A1D75691200E975AB /* mm.png */; };
		3983EF0E1D757B1800E975AB /* ThreeTableViewCell.m in Sources */ = {isa = PBXBuildFile; fileRef = 3983EF0D1D757B1800E975AB /* ThreeTableViewCell.m */; };
		3983EF111D75841000E975AB /* OtherTableViewCell.m in Sources */ = {isa = PBXBuildFile; fileRef = 3983EF101D75841000E975AB /* OtherTableViewCell.m */; };
		39C93C721D74005200E33E3D /* NavigationLabel.m in Sources */ = {isa = PBXBuildFile; fileRef = 39C93C711D74005200E33E3D /* NavigationLabel.m */; };
		39C998D11D93ADAA00BFF488 /* 602355.gif in Resources */ = {isa = PBXBuildFile; fileRef = 39C998D01D93ADAA00BFF488 /* 602355.gif */; };
		39C998DB1D93AEAE00BFF488 /* UIImage+Color.m in Sources */ = {isa = PBXBuildFile; fileRef = 39C998D41D93AEAE00BFF488 /* UIImage+Color.m */; };
		39C998DC1D93AEAE00BFF488 /* UIImage+Gif.m in Sources */ = {isa = PBXBuildFile; fileRef = 39C998D61D93AEAE00BFF488 /* UIImage+Gif.m */; };
		39C998DD1D93AEAE00BFF488 /* UIImage+Rotate.m in Sources */ = {isa = PBXBuildFile; fileRef = 39C998D81D93AEAE00BFF488 /* UIImage+Rotate.m */; };
		39C998DE1D93AEAE00BFF488 /* UIImage+SubImage.m in Sources */ = {isa = PBXBuildFile; fileRef = 39C998DA1D93AEAE00BFF488 /* UIImage+SubImage.m */; };
		39F1663C1D6599B900D647F3 /* main.m in Sources */ = {isa = PBXBuildFile; fileRef = 39F1663B1D6599B900D647F3 /* main.m */; };
		39F166451D6599B900D647F3 /* Main.storyboard in Resources */ = {isa = PBXBuildFile; fileRef = 39F166431D6599B900D647F3 /* Main.storyboard */; };
		39F166471D6599B900D647F3 /* Assets.xcassets in Resources */ = {isa = PBXBuildFile; fileRef = 39F166461D6599B900D647F3 /* Assets.xcassets */; };
		39F166551D6599B900D647F3 /* CopyWYTests.m in Sources */ = {isa = PBXBuildFile; fileRef = 39F166541D6599B900D647F3 /* CopyWYTests.m */; };
		39F166601D6599B900D647F3 /* CopyWYUITests.m in Sources */ = {isa = PBXBuildFile; fileRef = 39F1665F1D6599B900D647F3 /* CopyWYUITests.m */; };
/* End PBXBuildFile section */

/* Begin PBXContainerItemProxy section */
		39F166511D6599B900D647F3 /* PBXContainerItemProxy */ = {
			isa = PBXContainerItemProxy;
			containerPortal = 39F1662F1D6599B900D647F3 /* Project object */;
			proxyType = 1;
			remoteGlobalIDString = 39F166361D6599B900D647F3;
			remoteInfo = CopyWY;
		};
		39F1665C1D6599B900D647F3 /* PBXContainerItemProxy */ = {
			isa = PBXContainerItemProxy;
			containerPortal = 39F1662F1D6599B900D647F3 /* Project object */;
			proxyType = 1;
			remoteGlobalIDString = 39F166361D6599B900D647F3;
			remoteInfo = CopyWY;
		};
/* End PBXContainerItemProxy section */

/* Begin PBXFileReference section */
		39119F581D66E296008F44A2 /* AppDelegate.h */ = {isa = PBXFileReference; fileEncoding = 4; lastKnownFileType = sourcecode.c.h; path = AppDelegate.h; sourceTree = "<group>"; };
		39119F591D66E296008F44A2 /* AppDelegate.m */ = {isa = PBXFileReference; fileEncoding = 4; lastKnownFileType = sourcecode.c.objc; path = AppDelegate.m; sourceTree = "<group>"; };
		39119F5A1D66E296008F44A2 /* MainNavigationController.h */ = {isa = PBXFileReference; fileEncoding = 4; lastKnownFileType = sourcecode.c.h; path = MainNavigationController.h; sourceTree = "<group>"; };
		39119F5B1D66E296008F44A2 /* MainNavigationController.m */ = {isa = PBXFileReference; fileEncoding = 4; lastKnownFileType = sourcecode.c.objc; path = MainNavigationController.m; sourceTree = "<group>"; };
		39119F5C1D66E296008F44A2 /* MainTabBarController.h */ = {isa = PBXFileReference; fileEncoding = 4; lastKnownFileType = sourcecode.c.h; path = MainTabBarController.h; sourceTree = "<group>"; };
		39119F5D1D66E296008F44A2 /* MainTabBarController.m */ = {isa = PBXFileReference; fileEncoding = 4; lastKnownFileType = sourcecode.c.objc; path = MainTabBarController.m; sourceTree = "<group>"; };
		39119F621D66E2F8008F44A2 /* FourViewController.h */ = {isa = PBXFileReference; fileEncoding = 4; lastKnownFileType = sourcecode.c.h; path = FourViewController.h; sourceTree = "<group>"; };
		39119F631D66E2F8008F44A2 /* FourViewController.m */ = {isa = PBXFileReference; fileEncoding = 4; lastKnownFileType = sourcecode.c.objc; path = FourViewController.m; sourceTree = "<group>"; };
		39119F641D66E2F8008F44A2 /* OneViewController.h */ = {isa = PBXFileReference; fileEncoding = 4; lastKnownFileType = sourcecode.c.h; path = OneViewController.h; sourceTree = "<group>"; };
		39119F651D66E2F8008F44A2 /* OneViewController.m */ = {isa = PBXFileReference; fileEncoding = 4; lastKnownFileType = sourcecode.c.objc; path = OneViewController.m; sourceTree = "<group>"; };
		39119F661D66E2F8008F44A2 /* ThreeViewController.h */ = {isa = PBXFileReference; fileEncoding = 4; lastKnownFileType = sourcecode.c.h; path = ThreeViewController.h; sourceTree = "<group>"; };
		39119F671D66E2F8008F44A2 /* ThreeViewController.m */ = {isa = PBXFileReference; fileEncoding = 4; lastKnownFileType = sourcecode.c.objc; path = ThreeViewController.m; sourceTree = "<group>"; };
		39119F681D66E2F8008F44A2 /* TwoViewController.h */ = {isa = PBXFileReference; fileEncoding = 4; lastKnownFileType = sourcecode.c.h; path = TwoViewController.h; sourceTree = "<group>"; };
		39119F691D66E2F8008F44A2 /* TwoViewController.m */ = {isa = PBXFileReference; fileEncoding = 4; lastKnownFileType = sourcecode.c.objc; path = TwoViewController.m; sourceTree = "<group>"; };
		39119F6F1D66E302008F44A2 /* DataModel.h */ = {isa = PBXFileReference; fileEncoding = 4; lastKnownFileType = sourcecode.c.h; path = DataModel.h; sourceTree = "<group>"; };
		39119F701D66E302008F44A2 /* DataModel.m */ = {isa = PBXFileReference; fileEncoding = 4; lastKnownFileType = sourcecode.c.objc; path = DataModel.m; sourceTree = "<group>"; };
		3983EF071D75559B00E975AB /* Person.h */ = {isa = PBXFileReference; fileEncoding = 4; lastKnownFileType = sourcecode.c.h; path = Person.h; sourceTree = "<group>"; };
		3983EF081D75559B00E975AB /* Person.m */ = {isa = PBXFileReference; fileEncoding = 4; lastKnownFileType = sourcecode.c.objc; path = Person.m; sourceTree = "<group>"; };
		3983EF0A1D75691200E975AB /* mm.png */ = {isa = PBXFileReference; lastKnownFileType = image.png; path = mm.png; sourceTree = "<group>"; };
		3983EF0C1D757B1800E975AB /* ThreeTableViewCell.h */ = {isa = PBXFileReference; fileEncoding = 4; lastKnownFileType = sourcecode.c.h; path = ThreeTableViewCell.h; sourceTree = "<group>"; };
		3983EF0D1D757B1800E975AB /* ThreeTableViewCell.m */ = {isa = PBXFileReference; fileEncoding = 4; lastKnownFileType = sourcecode.c.objc; path = ThreeTableViewCell.m; sourceTree = "<group>"; };
		3983EF0F1D75841000E975AB /* OtherTableViewCell.h */ = {isa = PBXFileReference; fileEncoding = 4; lastKnownFileType = sourcecode.c.h; path = OtherTableViewCell.h; sourceTree = "<group>"; };
		3983EF101D75841000E975AB /* OtherTableViewCell.m */ = {isa = PBXFileReference; fileEncoding = 4; lastKnownFileType = sourcecode.c.objc; path = OtherTableViewCell.m; sourceTree = "<group>"; };
		39C93C701D74005200E33E3D /* NavigationLabel.h */ = {isa = PBXFileReference; fileEncoding = 4; lastKnownFileType = sourcecode.c.h; path = NavigationLabel.h; sourceTree = "<group>"; };
		39C93C711D74005200E33E3D /* NavigationLabel.m */ = {isa = PBXFileReference; fileEncoding = 4; lastKnownFileType = sourcecode.c.objc; path = NavigationLabel.m; sourceTree = "<group>"; };
		39C998D01D93ADAA00BFF488 /* 602355.gif */ = {isa = PBXFileReference; lastKnownFileType = image.gif; path = 602355.gif; sourceTree = "<group>"; };
		39C998D31D93AEAE00BFF488 /* UIImage+Color.h */ = {isa = PBXFileReference; fileEncoding = 4; lastKnownFileType = sourcecode.c.h; path = "UIImage+Color.h"; sourceTree = "<group>"; };
		39C998D41D93AEAE00BFF488 /* UIImage+Color.m */ = {isa = PBXFileReference; fileEncoding = 4; lastKnownFileType = sourcecode.c.objc; path = "UIImage+Color.m"; sourceTree = "<group>"; };
		39C998D51D93AEAE00BFF488 /* UIImage+Gif.h */ = {isa = PBXFileReference; fileEncoding = 4; lastKnownFileType = sourcecode.c.h; path = "UIImage+Gif.h"; sourceTree = "<group>"; };
		39C998D61D93AEAE00BFF488 /* UIImage+Gif.m */ = {isa = PBXFileReference; fileEncoding = 4; lastKnownFileType = sourcecode.c.objc; path = "UIImage+Gif.m"; sourceTree = "<group>"; };
		39C998D71D93AEAE00BFF488 /* UIImage+Rotate.h */ = {isa = PBXFileReference; fileEncoding = 4; lastKnownFileType = sourcecode.c.h; path = "UIImage+Rotate.h"; sourceTree = "<group>"; };
		39C998D81D93AEAE00BFF488 /* UIImage+Rotate.m */ = {isa = PBXFileReference; fileEncoding = 4; lastKnownFileType = sourcecode.c.objc; path = "UIImage+Rotate.m"; sourceTree = "<group>"; };
		39C998D91D93AEAE00BFF488 /* UIImage+SubImage.h */ = {isa = PBXFileReference; fileEncoding = 4; lastKnownFileType = sourcecode.c.h; path = "UIImage+SubImage.h"; sourceTree = "<group>"; };
		39C998DA1D93AEAE00BFF488 /* UIImage+SubImage.m */ = {isa = PBXFileReference; fileEncoding = 4; lastKnownFileType = sourcecode.c.objc; path = "UIImage+SubImage.m"; sourceTree = "<group>"; };
		39F166371D6599B900D647F3 /* CopyWY.app */ = {isa = PBXFileReference; explicitFileType = wrapper.application; includeInIndex = 0; path = CopyWY.app; sourceTree = BUILT_PRODUCTS_DIR; };
		39F1663B1D6599B900D647F3 /* main.m */ = {isa = PBXFileReference; lastKnownFileType = sourcecode.c.objc; path = main.m; sourceTree = "<group>"; };
		39F166441D6599B900D647F3 /* Base */ = {isa = PBXFileReference; lastKnownFileType = file.storyboard; name = Base; path = Base.lproj/Main.storyboard; sourceTree = "<group>"; };
		39F166461D6599B900D647F3 /* Assets.xcassets */ = {isa = PBXFileReference; lastKnownFileType = folder.assetcatalog; path = Assets.xcassets; sourceTree = "<group>"; };
		39F1664B1D6599B900D647F3 /* Info.plist */ = {isa = PBXFileReference; lastKnownFileType = text.plist.xml; path = Info.plist; sourceTree = "<group>"; };
		39F166501D6599B900D647F3 /* CopyWYTests.xctest */ = {isa = PBXFileReference; explicitFileType = wrapper.cfbundle; includeInIndex = 0; path = CopyWYTests.xctest; sourceTree = BUILT_PRODUCTS_DIR; };
		39F166541D6599B900D647F3 /* CopyWYTests.m */ = {isa = PBXFileReference; lastKnownFileType = sourcecode.c.objc; path = CopyWYTests.m; sourceTree = "<group>"; };
		39F166561D6599B900D647F3 /* Info.plist */ = {isa = PBXFileReference; lastKnownFileType = text.plist.xml; path = Info.plist; sourceTree = "<group>"; };
		39F1665B1D6599B900D647F3 /* CopyWYUITests.xctest */ = {isa = PBXFileReference; explicitFileType = wrapper.cfbundle; includeInIndex = 0; path = CopyWYUITests.xctest; sourceTree = BUILT_PRODUCTS_DIR; };
		39F1665F1D6599B900D647F3 /* CopyWYUITests.m */ = {isa = PBXFileReference; lastKnownFileType = sourcecode.c.objc; path = CopyWYUITests.m; sourceTree = "<group>"; };
		39F166611D6599B900D647F3 /* Info.plist */ = {isa = PBXFileReference; lastKnownFileType = text.plist.xml; path = Info.plist; sourceTree = "<group>"; };
/* End PBXFileReference section */

/* Begin PBXFrameworksBuildPhase section */
		39F166341D6599B900D647F3 /* Frameworks */ = {
			isa = PBXFrameworksBuildPhase;
			buildActionMask = 2147483647;
			files = (
			);
			runOnlyForDeploymentPostprocessing = 0;
		};
		39F1664D1D6599B900D647F3 /* Frameworks */ = {
			isa = PBXFrameworksBuildPhase;
			buildActionMask = 2147483647;
			files = (
			);
			runOnlyForDeploymentPostprocessing = 0;
		};
		39F166581D6599B900D647F3 /* Frameworks */ = {
			isa = PBXFrameworksBuildPhase;
			buildActionMask = 2147483647;
			files = (
			);
			runOnlyForDeploymentPostprocessing = 0;
		};
/* End PBXFrameworksBuildPhase section */

/* Begin PBXGroup section */
		39119F571D66E296008F44A2 /* Main */ = {
			isa = PBXGroup;
			children = (
				39119F581D66E296008F44A2 /* AppDelegate.h */,
				39119F591D66E296008F44A2 /* AppDelegate.m */,
				39119F5A1D66E296008F44A2 /* MainNavigationController.h */,
				39119F5B1D66E296008F44A2 /* MainNavigationController.m */,
				39119F5C1D66E296008F44A2 /* MainTabBarController.h */,
				39119F5D1D66E296008F44A2 /* MainTabBarController.m */,
			);
			path = Main;
			sourceTree = "<group>";
		};
		39119F611D66E2F8008F44A2 /* ViewController */ = {
			isa = PBXGroup;
			children = (
				39119F641D66E2F8008F44A2 /* OneViewController.h */,
				39119F651D66E2F8008F44A2 /* OneViewController.m */,
				39119F681D66E2F8008F44A2 /* TwoViewController.h */,
				39119F691D66E2F8008F44A2 /* TwoViewController.m */,
				39119F661D66E2F8008F44A2 /* ThreeViewController.h */,
				39119F671D66E2F8008F44A2 /* ThreeViewController.m */,
				39119F621D66E2F8008F44A2 /* FourViewController.h */,
				39119F631D66E2F8008F44A2 /* FourViewController.m */,
			);
			path = ViewController;
			sourceTree = "<group>";
		};
		39119F6E1D66E302008F44A2 /* Model */ = {
			isa = PBXGroup;
			children = (
				39119F6F1D66E302008F44A2 /* DataModel.h */,
				39119F701D66E302008F44A2 /* DataModel.m */,
				3983EF071D75559B00E975AB /* Person.h */,
				3983EF081D75559B00E975AB /* Person.m */,
			);
			path = Model;
			sourceTree = "<group>";
		};
		39119F711D66E302008F44A2 /* View */ = {
			isa = PBXGroup;
			children = (
				39C93C701D74005200E33E3D /* NavigationLabel.h */,
				39C93C711D74005200E33E3D /* NavigationLabel.m */,
				3983EF0C1D757B1800E975AB /* ThreeTableViewCell.h */,
				3983EF0D1D757B1800E975AB /* ThreeTableViewCell.m */,
				3983EF0F1D75841000E975AB /* OtherTableViewCell.h */,
				3983EF101D75841000E975AB /* OtherTableViewCell.m */,
			);
			path = View;
			sourceTree = "<group>";
		};
		39C998D21D93AEA000BFF488 /* Category */ = {
			isa = PBXGroup;
			children = (
				39C998D31D93AEAE00BFF488 /* UIImage+Color.h */,
				39C998D41D93AEAE00BFF488 /* UIImage+Color.m */,
				39C998D51D93AEAE00BFF488 /* UIImage+Gif.h */,
				39C998D61D93AEAE00BFF488 /* UIImage+Gif.m */,
				39C998D71D93AEAE00BFF488 /* UIImage+Rotate.h */,
				39C998D81D93AEAE00BFF488 /* UIImage+Rotate.m */,
				39C998D91D93AEAE00BFF488 /* UIImage+SubImage.h */,
				39C998DA1D93AEAE00BFF488 /* UIImage+SubImage.m */,
			);
			path = Category;
			sourceTree = "<group>";
		};
		39F1662E1D6599B900D647F3 = {
			isa = PBXGroup;
			children = (
				39F166391D6599B900D647F3 /* CopyWY */,
				39F166531D6599B900D647F3 /* CopyWYTests */,
				39F1665E1D6599B900D647F3 /* CopyWYUITests */,
				39F166381D6599B900D647F3 /* Products */,
			);
			sourceTree = "<group>";
		};
		39F166381D6599B900D647F3 /* Products */ = {
			isa = PBXGroup;
			children = (
				39F166371D6599B900D647F3 /* CopyWY.app */,
				39F166501D6599B900D647F3 /* CopyWYTests.xctest */,
				39F1665B1D6599B900D647F3 /* CopyWYUITests.xctest */,
			);
			name = Products;
			sourceTree = "<group>";
		};
		39F166391D6599B900D647F3 /* CopyWY */ = {
			isa = PBXGroup;
			children = (
				39119F571D66E296008F44A2 /* Main */,
				39119F611D66E2F8008F44A2 /* ViewController */,
				39119F6E1D66E302008F44A2 /* Model */,
				39119F711D66E302008F44A2 /* View */,
				39C998D21D93AEA000BFF488 /* Category */,
				39F166431D6599B900D647F3 /* Main.storyboard */,
				39F166461D6599B900D647F3 /* Assets.xcassets */,
				39F1664B1D6599B900D647F3 /* Info.plist */,
				39F1663A1D6599B900D647F3 /* Supporting Files */,
			);
			path = CopyWY;
			sourceTree = "<group>";
		};
		39F1663A1D6599B900D647F3 /* Supporting Files */ = {
			isa = PBXGroup;
			children = (
				39C998D01D93ADAA00BFF488 /* 602355.gif */,
				3983EF0A1D75691200E975AB /* mm.png */,
				39F1663B1D6599B900D647F3 /* main.m */,
			);
			name = "Supporting Files";
			sourceTree = "<group>";
		};
		39F166531D6599B900D647F3 /* CopyWYTests */ = {
			isa = PBXGroup;
			children = (
				39F166541D6599B900D647F3 /* CopyWYTests.m */,
				39F166561D6599B900D647F3 /* Info.plist */,
			);
			path = CopyWYTests;
			sourceTree = "<group>";
		};
		39F1665E1D6599B900D647F3 /* CopyWYUITests */ = {
			isa = PBXGroup;
			children = (
				39F1665F1D6599B900D647F3 /* CopyWYUITests.m */,
				39F166611D6599B900D647F3 /* Info.plist */,
			);
			path = CopyWYUITests;
			sourceTree = "<group>";
		};
/* End PBXGroup section */

/* Begin PBXNativeTarget section */
		39F166361D6599B900D647F3 /* CopyWY */ = {
			isa = PBXNativeTarget;
			buildConfigurationList = 39F166641D6599B900D647F3 /* Build configuration list for PBXNativeTarget "CopyWY" */;
			buildPhases = (
				39F166331D6599B900D647F3 /* Sources */,
				39F166341D6599B900D647F3 /* Frameworks */,
				39F166351D6599B900D647F3 /* Resources */,
			);
			buildRules = (
			);
			dependencies = (
			);
			name = CopyWY;
			productName = CopyWY;
			productReference = 39F166371D6599B900D647F3 /* CopyWY.app */;
			productType = "com.apple.product-type.application";
		};
		39F1664F1D6599B900D647F3 /* CopyWYTests */ = {
			isa = PBXNativeTarget;
			buildConfigurationList = 39F166671D6599B900D647F3 /* Build configuration list for PBXNativeTarget "CopyWYTests" */;
			buildPhases = (
				39F1664C1D6599B900D647F3 /* Sources */,
				39F1664D1D6599B900D647F3 /* Frameworks */,
				39F1664E1D6599B900D647F3 /* Resources */,
			);
			buildRules = (
			);
			dependencies = (
				39F166521D6599B900D647F3 /* PBXTargetDependency */,
			);
			name = CopyWYTests;
			productName = CopyWYTests;
			productReference = 39F166501D6599B900D647F3 /* CopyWYTests.xctest */;
			productType = "com.apple.product-type.bundle.unit-test";
		};
		39F1665A1D6599B900D647F3 /* CopyWYUITests */ = {
			isa = PBXNativeTarget;
			buildConfigurationList = 39F1666A1D6599B900D647F3 /* Build configuration list for PBXNativeTarget "CopyWYUITests" */;
			buildPhases = (
				39F166571D6599B900D647F3 /* Sources */,
				39F166581D6599B900D647F3 /* Frameworks */,
				39F166591D6599B900D647F3 /* Resources */,
			);
			buildRules = (
			);
			dependencies = (
				39F1665D1D6599B900D647F3 /* PBXTargetDependency */,
			);
			name = CopyWYUITests;
			productName = CopyWYUITests;
			productReference = 39F1665B1D6599B900D647F3 /* CopyWYUITests.xctest */;
			productType = "com.apple.product-type.bundle.ui-testing";
		};
/* End PBXNativeTarget section */

/* Begin PBXProject section */
		39F1662F1D6599B900D647F3 /* Project object */ = {
			isa = PBXProject;
			attributes = {
				LastUpgradeCheck = 0730;
				ORGANIZATIONNAME = abnerzhang;
				TargetAttributes = {
					39F166361D6599B900D647F3 = {
						CreatedOnToolsVersion = 7.3;
						DevelopmentTeam = 76RYFJEYR9;
					};
					39F1664F1D6599B900D647F3 = {
						CreatedOnToolsVersion = 7.3;
						TestTargetID = 39F166361D6599B900D647F3;
					};
					39F1665A1D6599B900D647F3 = {
						CreatedOnToolsVersion = 7.3;
						TestTargetID = 39F166361D6599B900D647F3;
					};
				};
			};
			buildConfigurationList = 39F166321D6599B900D647F3 /* Build configuration list for PBXProject "CopyWY" */;
			compatibilityVersion = "Xcode 3.2";
			developmentRegion = English;
			hasScannedForEncodings = 0;
			knownRegions = (
				en,
				Base,
			);
			mainGroup = 39F1662E1D6599B900D647F3;
			productRefGroup = 39F166381D6599B900D647F3 /* Products */;
			projectDirPath = "";
			projectRoot = "";
			targets = (
				39F166361D6599B900D647F3 /* CopyWY */,
				39F1664F1D6599B900D647F3 /* CopyWYTests */,
				39F1665A1D6599B900D647F3 /* CopyWYUITests */,
			);
		};
/* End PBXProject section */

/* Begin PBXResourcesBuildPhase section */
		39F166351D6599B900D647F3 /* Resources */ = {
			isa = PBXResourcesBuildPhase;
			buildActionMask = 2147483647;
			files = (
				39F166471D6599B900D647F3 /* Assets.xcassets in Resources */,
				39F166451D6599B900D647F3 /* Main.storyboard in Resources */,
				3983EF0B1D75691200E975AB /* mm.png in Resources */,
				39C998D11D93ADAA00BFF488 /* 602355.gif in Resources */,
			);
			runOnlyForDeploymentPostprocessing = 0;
		};
		39F1664E1D6599B900D647F3 /* Resources */ = {
			isa = PBXResourcesBuildPhase;
			buildActionMask = 2147483647;
			files = (
			);
			runOnlyForDeploymentPostprocessing = 0;
		};
		39F166591D6599B900D647F3 /* Resources */ = {
			isa = PBXResourcesBuildPhase;
			buildActionMask = 2147483647;
			files = (
			);
			runOnlyForDeploymentPostprocessing = 0;
		};
/* End PBXResourcesBuildPhase section */

/* Begin PBXSourcesBuildPhase section */
		39F166331D6599B900D647F3 /* Sources */ = {
			isa = PBXSourcesBuildPhase;
			buildActionMask = 2147483647;
			files = (
				39C998DC1D93AEAE00BFF488 /* UIImage+Gif.m in Sources */,
				39119F5E1D66E296008F44A2 /* AppDelegate.m in Sources */,
				39119F6C1D66E2F8008F44A2 /* ThreeViewController.m in Sources */,
				3983EF091D75559B00E975AB /* Person.m in Sources */,
				39C93C721D74005200E33E3D /* NavigationLabel.m in Sources */,
				39C998DE1D93AEAE00BFF488 /* UIImage+SubImage.m in Sources */,
				39119F741D66E302008F44A2 /* DataModel.m in Sources */,
				39C998DD1D93AEAE00BFF488 /* UIImage+Rotate.m in Sources */,
				39119F5F1D66E296008F44A2 /* MainNavigationController.m in Sources */,
				39119F6A1D66E2F8008F44A2 /* FourViewController.m in Sources */,
				3983EF111D75841000E975AB /* OtherTableViewCell.m in Sources */,
				39119F6B1D66E2F8008F44A2 /* OneViewController.m in Sources */,
				39C998DB1D93AEAE00BFF488 /* UIImage+Color.m in Sources */,
				39119F601D66E296008F44A2 /* MainTabBarController.m in Sources */,
				39F1663C1D6599B900D647F3 /* main.m in Sources */,
				3983EF0E1D757B1800E975AB /* ThreeTableViewCell.m in Sources */,
				39119F6D1D66E2F8008F44A2 /* TwoViewController.m in Sources */,
			);
			runOnlyForDeploymentPostprocessing = 0;
		};
		39F1664C1D6599B900D647F3 /* Sources */ = {
			isa = PBXSourcesBuildPhase;
			buildActionMask = 2147483647;
			files = (
				39F166551D6599B900D647F3 /* CopyWYTests.m in Sources */,
			);
			runOnlyForDeploymentPostprocessing = 0;
		};
		39F166571D6599B900D647F3 /* Sources */ = {
			isa = PBXSourcesBuildPhase;
			buildActionMask = 2147483647;
			files = (
				39F166601D6599B900D647F3 /* CopyWYUITests.m in Sources */,
			);
			runOnlyForDeploymentPostprocessing = 0;
		};
/* End PBXSourcesBuildPhase section */

/* Begin PBXTargetDependency section */
		39F166521D6599B900D647F3 /* PBXTargetDependency */ = {
			isa = PBXTargetDependency;
			target = 39F166361D6599B900D647F3 /* CopyWY */;
			targetProxy = 39F166511D6599B900D647F3 /* PBXContainerItemProxy */;
		};
		39F1665D1D6599B900D647F3 /* PBXTargetDependency */ = {
			isa = PBXTargetDependency;
			target = 39F166361D6599B900D647F3 /* CopyWY */;
			targetProxy = 39F1665C1D6599B900D647F3 /* PBXContainerItemProxy */;
		};
/* End PBXTargetDependency section */

/* Begin PBXVariantGroup section */
		39F166431D6599B900D647F3 /* Main.storyboard */ = {
			isa = PBXVariantGroup;
			children = (
				39F166441D6599B900D647F3 /* Base */,
			);
			name = Main.storyboard;
			sourceTree = "<group>";
		};
/* End PBXVariantGroup section */

/* Begin XCBuildConfiguration section */
		39F166621D6599B900D647F3 /* Debug */ = {
			isa = XCBuildConfiguration;
			buildSettings = {
				ALWAYS_SEARCH_USER_PATHS = NO;
				CLANG_ANALYZER_NONNULL = YES;
				CLANG_CXX_LANGUAGE_STANDARD = "gnu++0x";
				CLANG_CXX_LIBRARY = "libc++";
				CLANG_ENABLE_MODULES = YES;
				CLANG_ENABLE_OBJC_ARC = YES;
				CLANG_WARN_BOOL_CONVERSION = YES;
				CLANG_WARN_CONSTANT_CONVERSION = YES;
				CLANG_WARN_DIRECT_OBJC_ISA_USAGE = YES_ERROR;
				CLANG_WARN_EMPTY_BODY = YES;
				CLANG_WARN_ENUM_CONVERSION = YES;
				CLANG_WARN_INT_CONVERSION = YES;
				CLANG_WARN_OBJC_ROOT_CLASS = YES_ERROR;
				CLANG_WARN_UNREACHABLE_CODE = YES;
				CLANG_WARN__DUPLICATE_METHOD_MATCH = YES;
				"CODE_SIGN_IDENTITY[sdk=iphoneos*]" = "iPhone Developer";
				COPY_PHASE_STRIP = NO;
				DEBUG_INFORMATION_FORMAT = dwarf;
				ENABLE_STRICT_OBJC_MSGSEND = YES;
				ENABLE_TESTABILITY = YES;
				GCC_C_LANGUAGE_STANDARD = gnu99;
				GCC_DYNAMIC_NO_PIC = NO;
				GCC_NO_COMMON_BLOCKS = YES;
				GCC_OPTIMIZATION_LEVEL = 0;
				GCC_PREPROCESSOR_DEFINITIONS = (
					"DEBUG=1",
					"$(inherited)",
				);
				GCC_WARN_64_TO_32_BIT_CONVERSION = YES;
				GCC_WARN_ABOUT_RETURN_TYPE = YES_ERROR;
				GCC_WARN_UNDECLARED_SELECTOR = YES;
				GCC_WARN_UNINITIALIZED_AUTOS = YES_AGGRESSIVE;
				GCC_WARN_UNUSED_FUNCTION = YES;
				GCC_WARN_UNUSED_VARIABLE = YES;
				IPHONEOS_DEPLOYMENT_TARGET = 9.3;
				MTL_ENABLE_DEBUG_INFO = YES;
				ONLY_ACTIVE_ARCH = YES;
				SDKROOT = iphoneos;
			};
			name = Debug;
		};
		39F166631D6599B900D647F3 /* Release */ = {
			isa = XCBuildConfiguration;
			buildSettings = {
				ALWAYS_SEARCH_USER_PATHS = NO;
				CLANG_ANALYZER_NONNULL = YES;
				CLANG_CXX_LANGUAGE_STANDARD = "gnu++0x";
				CLANG_CXX_LIBRARY = "libc++";
				CLANG_ENABLE_MODULES = YES;
				CLANG_ENABLE_OBJC_ARC = YES;
				CLANG_WARN_BOOL_CONVERSION = YES;
				CLANG_WARN_CONSTANT_CONVERSION = YES;
				CLANG_WARN_DIRECT_OBJC_ISA_USAGE = YES_ERROR;
				CLANG_WARN_EMPTY_BODY = YES;
				CLANG_WARN_ENUM_CONVERSION = YES;
				CLANG_WARN_INT_CONVERSION = YES;
				CLANG_WARN_OBJC_ROOT_CLASS = YES_ERROR;
				CLANG_WARN_UNREACHABLE_CODE = YES;
				CLANG_WARN__DUPLICATE_METHOD_MATCH = YES;
				"CODE_SIGN_IDENTITY[sdk=iphoneos*]" = "iPhone Developer";
				COPY_PHASE_STRIP = NO;
				DEBUG_INFORMATION_FORMAT = "dwarf-with-dsym";
				ENABLE_NS_ASSERTIONS = NO;
				ENABLE_STRICT_OBJC_MSGSEND = YES;
				GCC_C_LANGUAGE_STANDARD = gnu99;
				GCC_NO_COMMON_BLOCKS = YES;
				GCC_WARN_64_TO_32_BIT_CONVERSION = YES;
				GCC_WARN_ABOUT_RETURN_TYPE = YES_ERROR;
				GCC_WARN_UNDECLARED_SELECTOR = YES;
				GCC_WARN_UNINITIALIZED_AUTOS = YES_AGGRESSIVE;
				GCC_WARN_UNUSED_FUNCTION = YES;
				GCC_WARN_UNUSED_VARIABLE = YES;
				IPHONEOS_DEPLOYMENT_TARGET = 9.3;
				MTL_ENABLE_DEBUG_INFO = NO;
				SDKROOT = iphoneos;
				VALIDATE_PRODUCT = YES;
			};
			name = Release;
		};
		39F166651D6599B900D647F3 /* Debug */ = {
			isa = XCBuildConfiguration;
			buildSettings = {
				ASSETCATALOG_COMPILER_APPICON_NAME = AppIcon;
				ASSETCATALOG_COMPILER_LAUNCHIMAGE_NAME = LaunchImage;
				DEVELOPMENT_TEAM = 76RYFJEYR9;
				INFOPLIST_FILE = CopyWY/Info.plist;
				LD_RUNPATH_SEARCH_PATHS = "$(inherited) @executable_path/Frameworks";
				LIBRARY_SEARCH_PATHS = (
					"$(inherited)",
					"$(PROJECT_DIR)/CopyWY/Static",
					"$(PROJECT_DIR)/CopyWY/ACCNetworking_Static",
				);
				PRODUCT_BUNDLE_IDENTIFIER = cn.abner.CopyWY;
				PRODUCT_NAME = "$(TARGET_NAME)";
			};
			name = Debug;
		};
		39F166661D6599B900D647F3 /* Release */ = {
			isa = XCBuildConfiguration;
			buildSettings = {
				ASSETCATALOG_COMPILER_APPICON_NAME = AppIcon;
				ASSETCATALOG_COMPILER_LAUNCHIMAGE_NAME = LaunchImage;
				DEVELOPMENT_TEAM = 76RYFJEYR9;
				INFOPLIST_FILE = CopyWY/Info.plist;
				LD_RUNPATH_SEARCH_PATHS = "$(inherited) @executable_path/Frameworks";
				LIBRARY_SEARCH_PATHS = (
					"$(inherited)",
					"$(PROJECT_DIR)/CopyWY/Static",
					"$(PROJECT_DIR)/CopyWY/ACCNetworking_Static",
				);
				PRODUCT_BUNDLE_IDENTIFIER = cn.abner.CopyWY;
				PRODUCT_NAME = "$(TARGET_NAME)";
			};
			name = Release;
		};
		39F166681D6599B900D647F3 /* Debug */ = {
			isa = XCBuildConfiguration;
			buildSettings = {
				BUNDLE_LOADER = "$(TEST_HOST)";
				INFOPLIST_FILE = CopyWYTests/Info.plist;
				LD_RUNPATH_SEARCH_PATHS = "$(inherited) @executable_path/Frameworks @loader_path/Frameworks";
				PRODUCT_BUNDLE_IDENTIFIER = cn.abner.CopyWYTests;
				PRODUCT_NAME = "$(TARGET_NAME)";
				TEST_HOST = "$(BUILT_PRODUCTS_DIR)/CopyWY.app/CopyWY";
			};
			name = Debug;
		};
		39F166691D6599B900D647F3 /* Release */ = {
			isa = XCBuildConfiguration;
			buildSettings = {
				BUNDLE_LOADER = "$(TEST_HOST)";
				INFOPLIST_FILE = CopyWYTests/Info.plist;
				LD_RUNPATH_SEARCH_PATHS = "$(inherited) @executable_path/Frameworks @loader_path/Frameworks";
				PRODUCT_BUNDLE_IDENTIFIER = cn.abner.CopyWYTests;
				PRODUCT_NAME = "$(TARGET_NAME)";
				TEST_HOST = "$(BUILT_PRODUCTS_DIR)/CopyWY.app/CopyWY";
			};
			name = Release;
		};
		39F1666B1D6599B900D647F3 /* Debug */ = {
			isa = XCBuildConfiguration;
			buildSettings = {
				INFOPLIST_FILE = CopyWYUITests/Info.plist;
				LD_RUNPATH_SEARCH_PATHS = "$(inherited) @executable_path/Frameworks @loader_path/Frameworks";
				PRODUCT_BUNDLE_IDENTIFIER = cn.abner.CopyWYUITests;
				PRODUCT_NAME = "$(TARGET_NAME)";
				TEST_TARGET_NAME = CopyWY;
			};
			name = Debug;
		};
		39F1666C1D6599B900D647F3 /* Release */ = {
			isa = XCBuildConfiguration;
			buildSettings = {
				INFOPLIST_FILE = CopyWYUITests/Info.plist;
				LD_RUNPATH_SEARCH_PATHS = "$(inherited) @executable_path/Frameworks @loader_path/Frameworks";
				PRODUCT_BUNDLE_IDENTIFIER = cn.abner.CopyWYUITests;
				PRODUCT_NAME = "$(TARGET_NAME)";
				TEST_TARGET_NAME = CopyWY;
			};
			name = Release;
		};
/* End XCBuildConfiguration section */

/* Begin XCConfigurationList section */
		39F166321D6599B900D647F3 /* Build configuration list for PBXProject "CopyWY" */ = {
			isa = XCConfigurationList;
			buildConfigurations = (
				39F166621D6599B900D647F3 /* Debug */,
				39F166631D6599B900D647F3 /* Release */,
			);
			defaultConfigurationIsVisible = 0;
			defaultConfigurationName = Release;
		};
		39F166641D6599B900D647F3 /* Build configuration list for PBXNativeTarget "CopyWY" */ = {
			isa = XCConfigurationList;
			buildConfigurations = (
				39F166651D6599B900D647F3 /* Debug */,
				39F166661D6599B900D647F3 /* Release */,
			);
			defaultConfigurationIsVisible = 0;
			defaultConfigurationName = Release;
		};
		39F166671D6599B900D647F3 /* Build configuration list for PBXNativeTarget "CopyWYTests" */ = {
			isa = XCConfigurationList;
			buildConfigurations = (
				39F166681D6599B900D647F3 /* Debug */,
				39F166691D6599B900D647F3 /* Release */,
			);
			defaultConfigurationIsVisible = 0;
			defaultConfigurationName = Release;
		};
		39F1666A1D6599B900D647F3 /* Build configuration list for PBXNativeTarget "CopyWYUITests" */ = {
			isa = XCConfigurationList;
			buildConfigurations = (
				39F1666B1D6599B900D647F3 /* Debug */,
				39F1666C1D6599B900D647F3 /* Release */,
			);
			defaultConfigurationIsVisible = 0;
			defaultConfigurationName = Release;
		};
/* End XCConfigurationList section */
	};
	rootObject = 39F1662F1D6599B900D647F3 /* Project object */;
}
